
Microsoft Visual Studio Solution File, Format Version 12.00
# Visual Studio Version 17
VisualStudioVersion = 17.1.32328.378
MinimumVisualStudioVersion = 10.0.40219.1
Project("{FAE04EC0-301F-11D3-BF4B-00C04F79EFBC}") = "OHCESimonH", "OHCESimonH\OHCESimonH.csproj", "{4DD964B1-9927-420E-9AF1-B6DDD729F1B8}"
EndProject
Global
	GlobalSection(SolutionConfigurationPlatforms) = preSolution
		Debug|Any CPU = Debug|Any CPU
		Release|Any CPU = Release|Any CPU
	EndGlobalSection
	GlobalSection(ProjectConfigurationPlatforms) = postSolution
		{4DD964B1-9927-420E-9AF1-B6DDD729F1B8}.Debug|Any CPU.ActiveCfg = Debug|Any CPU
		{4DD964B1-9927-420E-9AF1-B6DDD729F1B8}.Debug|Any CPU.Build.0 = Debug|Any CPU
		{4DD964B1-9927-420E-9AF1-B6DDD729F1B8}.Release|Any CPU.ActiveCfg = Release|Any CPU
		{4DD964B1-9927-420E-9AF1-B6DDD729F1B8}.Release|Any CPU.Build.0 = Release|Any CPU
	EndGlobalSection
	GlobalSection(SolutionProperties) = preSolution
		HideSolutionNode = FALSE
	EndGlobalSection
	GlobalSection(ExtensibilityGlobals) = postSolution
		SolutionGuid = {68F65706-EB1A-413F-9667-ACFA0FA3CC80}
	EndGlobalSection
EndGlobal
